{
    "_meta": {
        "hash": {
            "sha256": "494d5b4f482f0ef471f49afe28f00ec1a2ff75da2ce65060d8cabaeb3da2f100"
        },
        "pipfile-spec": 6,
        "requires": {
            "python_version": "3.13"
        },
        "sources": [
            {
                "name": "pypi",
                "url": "https://pypi.org/simple",
                "verify_ssl": true
            }
        ]
    },
    "default": {},
    "develop": {}
}
