
Microsoft Visual Studio Solution File, Format Version 12.00
# Visual Studio Version 16
VisualStudioVersion = 16.0.809.8
MinimumVisualStudioVersion = 10.0.40219.1
Project("{FAE04EC0-301F-11D3-BF4B-00C04F79EFBC}") = "hubspot2s3", "hubspot2s3\hubspot2s3.csproj", "{82B09B75-EEAA-4BE1-9B20-621176052023}"
EndProject
Global
	GlobalSection(SolutionConfigurationPlatforms) = preSolution
		Debug|Any CPU = Debug|Any CPU
		Release|Any CPU = Release|Any CPU
	EndGlobalSection
	GlobalSection(ProjectConfigurationPlatforms) = postSolution
		{82B09B75-EEAA-4BE1-9B20-621176052023}.Debug|Any CPU.ActiveCfg = Debug|Any CPU
		{82B09B75-EEAA-4BE1-9B20-621176052023}.Debug|Any CPU.Build.0 = Debug|Any CPU
		{82B09B75-EEAA-4BE1-9B20-621176052023}.Release|Any CPU.ActiveCfg = Release|Any CPU
		{82B09B75-EEAA-4BE1-9B20-621176052023}.Release|Any CPU.Build.0 = Release|Any CPU
	EndGlobalSection
	GlobalSection(SolutionProperties) = preSolution
		HideSolutionNode = FALSE
	EndGlobalSection
	GlobalSection(ExtensibilityGlobals) = postSolution
		SolutionGuid = {6EF09B9D-12A9-42BB-8329-DE90AF89892E}
	EndGlobalSection
EndGlobal
