GEM
  remote: https://rubygems.org/
  specs:
    base64 (0.3.0)
    faraday (2.14.4)
      faraday-net_http (>= 2.0, < 3.5)
      json
      logger
    faraday-net_http (3.4.4)
      net-http (~> 0.5)
    faraday-retry (2.4.0)
      faraday (~> 2.0)
    json (3.0.2)
    logger (1.7.0)
    minitest (5.27.0)
    net-http (0.9.1)
      uri (>= 0.11.1)
    rake (13.4.2)
    uri (1.1.1)

PLATFORMS
  arm64-darwin-25
  ruby

DEPENDENCIES
  base64 (~> 0.2)
  faraday (~> 2.9)
  faraday-retry (~> 2.2)
  minitest (~> 5.24)
  rake (~> 13.0)

CHECKSUMS
  base64 (0.3.0) sha256=27337aeabad6ffae05c265c450490628ef3ebd4b67be58257393227588f5a97b
  bundler (4.0.21) sha256=7cbf5499b426076aa16c8d28a59e4c2c3aad5a438402abcd961f0119f29f1dd0
  faraday (2.14.4) sha256=9bb4408c44621b0dbaaaa39e5dbfc4dbe58cc6751b6eb94d16ae9e1f2f2fab6e
  faraday-net_http (3.4.4) sha256=0e78af151747ed1b00f33e25973b4bc220d7f16c00c39676817c8b12331eb588
  faraday-retry (2.4.0) sha256=7b79c48fb7e56526faf247b12d94a680071ff40c9fda7cf1ec1549439ad11ebe
  json (3.0.2) sha256=8e6d7e7b11384c21230430cef90b71f14849a34a1f4452796670f7c981bd19df
  logger (1.7.0) sha256=196edec7cc44b66cfb40f9755ce11b392f21f7967696af15d274dde7edff0203
  minitest (5.27.0) sha256=2d3b17f8a36fe7801c1adcffdbc38233b938eb0b4966e97a6739055a45fa77d5
  net-http (0.9.1) sha256=25ba0b67c63e89df626ed8fac771d0ad24ad151a858af2cc8e6a716ca4336996
  rake (13.4.2) sha256=cb825b2bd5f1f8e91ca37bddb4b9aaf345551b4731da62949be002fa89283701
  uri (1.1.1) sha256=379fa58d27ffb1387eaada68c749d1426738bd0f654d812fcc07e7568f5c57c6

RUBY VERSION
  ruby 4.0.7

BUNDLED WITH
  4.0.21
